
Microsoft Visual Studio Solution File, Format Version 12.00
# Visual Studio 15
VisualStudioVersion = 15.0.28307.1800
MinimumVisualStudioVersion = 10.0.40219.1
Project("{E24C65DC-7377-472B-9ABA-BC803B73C61A}") = "Siloam.Ui.LasaMedication", "Siloam.Ui.LasaMedication\", "{3123D491-7461-43C3-96F0-D731A52F1A04}"
	ProjectSection(WebsiteProperties) = preProject
		TargetFrameworkMoniker = ".NETFramework,Version%3Dv4.6.1"
		Debug.AspNetCompiler.VirtualPath = "/localhost_52194"
		Debug.AspNetCompiler.PhysicalPath = "Siloam.Ui.LasaMedication\"
		Debug.AspNetCompiler.TargetPath = "PrecompiledWeb\localhost_52194\"
		Debug.AspNetCompiler.Updateable = "true"
		Debug.AspNetCompiler.ForceOverwrite = "true"
		Debug.AspNetCompiler.FixedNames = "false"
		Debug.AspNetCompiler.Debug = "True"
		Release.AspNetCompiler.VirtualPath = "/localhost_52194"
		Release.AspNetCompiler.PhysicalPath = "Siloam.Ui.LasaMedication\"
		Release.AspNetCompiler.TargetPath = "PrecompiledWeb\localhost_52194\"
		Release.AspNetCompiler.Updateable = "true"
		Release.AspNetCompiler.ForceOverwrite = "true"
		Release.AspNetCompiler.FixedNames = "false"
		Release.AspNetCompiler.Debug = "False"
		VWDPort = "52194"
		SlnRelativePath = "Siloam.Ui.LasaMedication\"
		DefaultWebSiteLanguage = "Visual C#"
	EndProjectSection
EndProject
Global
	GlobalSection(SolutionConfigurationPlatforms) = preSolution
		Debug|Any CPU = Debug|Any CPU
	EndGlobalSection
	GlobalSection(ProjectConfigurationPlatforms) = postSolution
		{3123D491-7461-43C3-96F0-D731A52F1A04}.Debug|Any CPU.ActiveCfg = Debug|Any CPU
		{3123D491-7461-43C3-96F0-D731A52F1A04}.Debug|Any CPU.Build.0 = Debug|Any CPU
	EndGlobalSection
	GlobalSection(SolutionProperties) = preSolution
		HideSolutionNode = FALSE
	EndGlobalSection
	GlobalSection(ExtensibilityGlobals) = postSolution
		SolutionGuid = {AB8A8583-8312-436B-90A6-336EBB83429B}
	EndGlobalSection
EndGlobal
